PODS:
  - DifferenceKit (1.1.5):
    - DifferenceKit/Core (= 1.1.5)
    - DifferenceKit/UIKitExtension (= 1.1.5)
  - DifferenceKit/Core (1.1.5)
  - DifferenceKit/UIKitExtension (1.1.5):
    - DifferenceKit/Core
  - SwiftyListKit (1.0.14):
    - DifferenceKit

DEPENDENCIES:
  - SwiftyListKit (from `../`)

SPEC REPOS:
  trunk:
    - DifferenceKit

EXTERNAL SOURCES:
  SwiftyListKit:
    :path: "../"

SPEC CHECKSUMS:
  DifferenceKit: 516f12e336ed65a3a0665847b5c3cb5cad4bd4ea
  SwiftyListKit: c5eeaa5ef11cbd36c0715dbbf80992d055f2b6c5

PODFILE CHECKSUM: c0ee572323b12af3b6ee1859345a4d76b7a3913b

COCOAPODS: 1.9.3
