// !$*UTF8*$!
{
	archiveVersion = 1;
	classes = {
	};
	objectVersion = 46;
	objects = {

/* Begin PBXBuildFile section */
		2E90902B3F0F2546C210CA45 /* Pods_ListKit_Example.framework in Frameworks */ = {isa = PBXBuildFile; fileRef = CD1B7C8308E022F4426F20D1 /* Pods_ListKit_Example.framework */; };
		607FACD61AFB9204008FA782 /* AppDelegate.swift in Sources */ = {isa = PBXBuildFile; fileRef = 607FACD51AFB9204008FA782 /* AppDelegate.swift */; };
		607FACDB1AFB9204008FA782 /* Main.storyboard in Resources */ = {isa = PBXBuildFile; fileRef = 607FACD91AFB9204008FA782 /* Main.storyboard */; };
		607FACDD1AFB9204008FA782 /* Images.xcassets in Resources */ = {isa = PBXBuildFile; fileRef = 607FACDC1AFB9204008FA782 /* Images.xcassets */; };
		607FACE01AFB9204008FA782 /* LaunchScreen.xib in Resources */ = {isa = PBXBuildFile; fileRef = 607FACDE1AFB9204008FA782 /* LaunchScreen.xib */; };
		6999EA632493709600566E74 /* TextDataModel.swift in Sources */ = {isa = PBXBuildFile; fileRef = 6999EA612493709600566E74 /* TextDataModel.swift */; };
		6999EA642493709600566E74 /* LocalIconDataModel.swift in Sources */ = {isa = PBXBuildFile; fileRef = 6999EA622493709600566E74 /* LocalIconDataModel.swift */; };
		6999EA722493729F00566E74 /* TableItemMappers.swift in Sources */ = {isa = PBXBuildFile; fileRef = 6999EA702493729F00566E74 /* TableItemMappers.swift */; };
		6999EA732493729F00566E74 /* Mapper.swift in Sources */ = {isa = PBXBuildFile; fileRef = 6999EA712493729F00566E74 /* Mapper.swift */; };
		6999EA792493735700566E74 /* UILabel+Styles.swift in Sources */ = {isa = PBXBuildFile; fileRef = 6999EA752493735700566E74 /* UILabel+Styles.swift */; };
		6999EA7A2493735700566E74 /* UIView+Styles.swift in Sources */ = {isa = PBXBuildFile; fileRef = 6999EA762493735700566E74 /* UIView+Styles.swift */; };
		6999EA7B2493735700566E74 /* UIImageView+Styles.swift in Sources */ = {isa = PBXBuildFile; fileRef = 6999EA772493735700566E74 /* UIImageView+Styles.swift */; };
		6999EA7C2493735700566E74 /* UIButton+Styles.swift in Sources */ = {isa = PBXBuildFile; fileRef = 6999EA782493735700566E74 /* UIButton+Styles.swift */; };
		6999EA812493735C00566E74 /* ButtonTableViewCell+Style.swift in Sources */ = {isa = PBXBuildFile; fileRef = 6999EA7E2493735C00566E74 /* ButtonTableViewCell+Style.swift */; };
		6999EA822493735C00566E74 /* IconTableViewCell+Style.swift in Sources */ = {isa = PBXBuildFile; fileRef = 6999EA7F2493735C00566E74 /* IconTableViewCell+Style.swift */; };
		6999EA832493735C00566E74 /* TitleTableViewCell+Styles.swift in Sources */ = {isa = PBXBuildFile; fileRef = 6999EA802493735C00566E74 /* TitleTableViewCell+Styles.swift */; };
		6999EA8A2493737E00566E74 /* String+Random.swift in Sources */ = {isa = PBXBuildFile; fileRef = 6999EA862493737E00566E74 /* String+Random.swift */; };
		6999EA8B2493737E00566E74 /* UIFont+Extensions.swift in Sources */ = {isa = PBXBuildFile; fileRef = 6999EA872493737E00566E74 /* UIFont+Extensions.swift */; };
		6999EA8C2493737E00566E74 /* UIColor+Extensions.swift in Sources */ = {isa = PBXBuildFile; fileRef = 6999EA882493737E00566E74 /* UIColor+Extensions.swift */; };
		6999EA8D2493737E00566E74 /* AnimationConfig+Extension.swift in Sources */ = {isa = PBXBuildFile; fileRef = 6999EA892493737E00566E74 /* AnimationConfig+Extension.swift */; };
		6999EA8F2493740E00566E74 /* ProfileViewController.swift in Sources */ = {isa = PBXBuildFile; fileRef = 6999EA8E2493740E00566E74 /* ProfileViewController.swift */; };
		6999EA922493743600566E74 /* User.swift in Sources */ = {isa = PBXBuildFile; fileRef = 6999EA912493743600566E74 /* User.swift */; };
		69B1B9E024B85B7100DD7454 /* ListContentItemsViewController.swift in Sources */ = {isa = PBXBuildFile; fileRef = 69B1B9DF24B85B7100DD7454 /* ListContentItemsViewController.swift */; };
		69C10B7D2493D54C00786E2C /* IconTableViewCell.swift in Sources */ = {isa = PBXBuildFile; fileRef = 69C10B782493D54C00786E2C /* IconTableViewCell.swift */; };
		69C10B7E2493D54C00786E2C /* IconTableViewCell.xib in Resources */ = {isa = PBXBuildFile; fileRef = 69C10B792493D54C00786E2C /* IconTableViewCell.xib */; };
		69C10B7F2493D54C00786E2C /* ButtonTableViewCell.xib in Resources */ = {isa = PBXBuildFile; fileRef = 69C10B7B2493D54C00786E2C /* ButtonTableViewCell.xib */; };
		69C10B802493D54C00786E2C /* ButtonTableViewCell.swift in Sources */ = {isa = PBXBuildFile; fileRef = 69C10B7C2493D54C00786E2C /* ButtonTableViewCell.swift */; };
		898198F1243CFA5700E455A4 /* TableViewAsPartViewController.swift in Sources */ = {isa = PBXBuildFile; fileRef = 898198F0243CFA5700E455A4 /* TableViewAsPartViewController.swift */; };
		89D55C94243A09AF00E30FAA /* GroupedExampleViewController.swift in Sources */ = {isa = PBXBuildFile; fileRef = 89D55C8E243A09AE00E30FAA /* GroupedExampleViewController.swift */; };
		89D55C95243A09AF00E30FAA /* CollectionExampleViewController.swift in Sources */ = {isa = PBXBuildFile; fileRef = 89D55C8F243A09AE00E30FAA /* CollectionExampleViewController.swift */; };
		89D55C96243A09AF00E30FAA /* DemoExtensions.swift in Sources */ = {isa = PBXBuildFile; fileRef = 89D55C90243A09AF00E30FAA /* DemoExtensions.swift */; };
		89D55C98243A09AF00E30FAA /* ExamplesListViewController.swift in Sources */ = {isa = PBXBuildFile; fileRef = 89D55C92243A09AF00E30FAA /* ExamplesListViewController.swift */; };
		89D55C99243A09AF00E30FAA /* PlainExampleViewController.swift in Sources */ = {isa = PBXBuildFile; fileRef = 89D55C93243A09AF00E30FAA /* PlainExampleViewController.swift */; };
		89D55CB5243A0A0600E30FAA /* TitleAndImageDataModel.swift in Sources */ = {isa = PBXBuildFile; fileRef = 89D55C9D243A0A0600E30FAA /* TitleAndImageDataModel.swift */; };
		89D55CB7243A0A0600E30FAA /* DividerHeader.swift in Sources */ = {isa = PBXBuildFile; fileRef = 89D55CA0243A0A0600E30FAA /* DividerHeader.swift */; };
		89D55CB8243A0A0600E30FAA /* DividerHeader.xib in Resources */ = {isa = PBXBuildFile; fileRef = 89D55CA1243A0A0600E30FAA /* DividerHeader.xib */; };
		89D55CB9243A0A0600E30FAA /* IconWithTitleCollectionViewCell.xib in Resources */ = {isa = PBXBuildFile; fileRef = 89D55CA3243A0A0600E30FAA /* IconWithTitleCollectionViewCell.xib */; };
		89D55CBA243A0A0600E30FAA /* IconWithTitleCollectionViewCell.swift in Sources */ = {isa = PBXBuildFile; fileRef = 89D55CA4243A0A0600E30FAA /* IconWithTitleCollectionViewCell.swift */; };
		89D55CBB243A0A0600E30FAA /* OneTitleTableViewCell.swift in Sources */ = {isa = PBXBuildFile; fileRef = 89D55CA6243A0A0600E30FAA /* OneTitleTableViewCell.swift */; };
		89D55CBC243A0A0600E30FAA /* OneTitleTableViewCell.xib in Resources */ = {isa = PBXBuildFile; fileRef = 89D55CA7243A0A0600E30FAA /* OneTitleTableViewCell.xib */; };
		89D55CBD243A0A0600E30FAA /* InCodeTableViewCell.swift in Sources */ = {isa = PBXBuildFile; fileRef = 89D55CA8243A0A0600E30FAA /* InCodeTableViewCell.swift */; };
		89D55CBE243A0A0600E30FAA /* WithImageTableViewCell.swift in Sources */ = {isa = PBXBuildFile; fileRef = 89D55CAA243A0A0600E30FAA /* WithImageTableViewCell.swift */; };
		89D55CBF243A0A0600E30FAA /* WithImageTableViewCell.xib in Resources */ = {isa = PBXBuildFile; fileRef = 89D55CAB243A0A0600E30FAA /* WithImageTableViewCell.xib */; };
		89D55CC4243A0A0600E30FAA /* ImageCellDataModel.swift in Sources */ = {isa = PBXBuildFile; fileRef = 89D55CB3243A0A0600E30FAA /* ImageCellDataModel.swift */; };
		89D55CCA243A0A8000E30FAA /* SegmentWithButtonView.xib in Resources */ = {isa = PBXBuildFile; fileRef = 89D55CC8243A0A8000E30FAA /* SegmentWithButtonView.xib */; };
		89D55CCB243A0A8000E30FAA /* SegmentWithButtonView.swift in Sources */ = {isa = PBXBuildFile; fileRef = 89D55CC9243A0A8000E30FAA /* SegmentWithButtonView.swift */; };
		89D55CD3243A0A8700E30FAA /* ListItemStyle+DividerHeader.swift in Sources */ = {isa = PBXBuildFile; fileRef = 89D55CCD243A0A8600E30FAA /* ListItemStyle+DividerHeader.swift */; };
		89D55CD4243A0A8700E30FAA /* ListItemStyle+Cell.swift in Sources */ = {isa = PBXBuildFile; fileRef = 89D55CCE243A0A8600E30FAA /* ListItemStyle+Cell.swift */; };
		89D55CD5243A0A8700E30FAA /* ViewStyle+Cell.swift in Sources */ = {isa = PBXBuildFile; fileRef = 89D55CCF243A0A8600E30FAA /* ViewStyle+Cell.swift */; };
		89D55CD6243A0A8700E30FAA /* ViewStyle+ImageView.swift in Sources */ = {isa = PBXBuildFile; fileRef = 89D55CD0243A0A8600E30FAA /* ViewStyle+ImageView.swift */; };
		89D55CD8243A0A8700E30FAA /* ViewStyle+Label.swift in Sources */ = {isa = PBXBuildFile; fileRef = 89D55CD2243A0A8600E30FAA /* ViewStyle+Label.swift */; };
		D25C9C7E24604592007705BD /* ControllerWithProtocolOnly.swift in Sources */ = {isa = PBXBuildFile; fileRef = D25C9C7D24604592007705BD /* ControllerWithProtocolOnly.swift */; };
/* End PBXBuildFile section */

/* Begin PBXFileReference section */
		490962D3ABD3CC9C9CF781AE /* Pods-ListKit_Example.debug.xcconfig */ = {isa = PBXFileReference; includeInIndex = 1; lastKnownFileType = text.xcconfig; name = "Pods-ListKit_Example.debug.xcconfig"; path = "Target Support Files/Pods-ListKit_Example/Pods-ListKit_Example.debug.xcconfig"; sourceTree = "<group>"; };
		5120C7E9D8F8F7B98A311877 /* Pods_ListKit_Tests.framework */ = {isa = PBXFileReference; explicitFileType = wrapper.framework; includeInIndex = 0; path = Pods_ListKit_Tests.framework; sourceTree = BUILT_PRODUCTS_DIR; };
		607FACD01AFB9204008FA782 /* ListKit_Example.app */ = {isa = PBXFileReference; explicitFileType = wrapper.application; includeInIndex = 0; path = ListKit_Example.app; sourceTree = BUILT_PRODUCTS_DIR; };
		607FACD41AFB9204008FA782 /* Info.plist */ = {isa = PBXFileReference; lastKnownFileType = text.plist.xml; path = Info.plist; sourceTree = "<group>"; };
		607FACD51AFB9204008FA782 /* AppDelegate.swift */ = {isa = PBXFileReference; lastKnownFileType = sourcecode.swift; path = AppDelegate.swift; sourceTree = "<group>"; };
		607FACDA1AFB9204008FA782 /* Base */ = {isa = PBXFileReference; lastKnownFileType = file.storyboard; name = Base; path = Base.lproj/Main.storyboard; sourceTree = "<group>"; };
		607FACDC1AFB9204008FA782 /* Images.xcassets */ = {isa = PBXFileReference; lastKnownFileType = folder.assetcatalog; path = Images.xcassets; sourceTree = "<group>"; };
		607FACDF1AFB9204008FA782 /* Base */ = {isa = PBXFileReference; lastKnownFileType = file.xib; name = Base; path = Base.lproj/LaunchScreen.xib; sourceTree = "<group>"; };
		61D5404FA1429F98A245C235 /* LICENSE */ = {isa = PBXFileReference; includeInIndex = 1; lastKnownFileType = text; name = LICENSE; path = ../LICENSE; sourceTree = "<group>"; };
		6999EA612493709600566E74 /* TextDataModel.swift */ = {isa = PBXFileReference; fileEncoding = 4; lastKnownFileType = sourcecode.swift; path = TextDataModel.swift; sourceTree = "<group>"; };
		6999EA622493709600566E74 /* LocalIconDataModel.swift */ = {isa = PBXFileReference; fileEncoding = 4; lastKnownFileType = sourcecode.swift; path = LocalIconDataModel.swift; sourceTree = "<group>"; };
		6999EA702493729F00566E74 /* TableItemMappers.swift */ = {isa = PBXFileReference; fileEncoding = 4; lastKnownFileType = sourcecode.swift; path = TableItemMappers.swift; sourceTree = "<group>"; };
		6999EA712493729F00566E74 /* Mapper.swift */ = {isa = PBXFileReference; fileEncoding = 4; lastKnownFileType = sourcecode.swift; path = Mapper.swift; sourceTree = "<group>"; };
		6999EA752493735700566E74 /* UILabel+Styles.swift */ = {isa = PBXFileReference; fileEncoding = 4; lastKnownFileType = sourcecode.swift; path = "UILabel+Styles.swift"; sourceTree = "<group>"; };
		6999EA762493735700566E74 /* UIView+Styles.swift */ = {isa = PBXFileReference; fileEncoding = 4; lastKnownFileType = sourcecode.swift; path = "UIView+Styles.swift"; sourceTree = "<group>"; };
		6999EA772493735700566E74 /* UIImageView+Styles.swift */ = {isa = PBXFileReference; fileEncoding = 4; lastKnownFileType = sourcecode.swift; path = "UIImageView+Styles.swift"; sourceTree = "<group>"; };
		6999EA782493735700566E74 /* UIButton+Styles.swift */ = {isa = PBXFileReference; fileEncoding = 4; lastKnownFileType = sourcecode.swift; path = "UIButton+Styles.swift"; sourceTree = "<group>"; };
		6999EA7E2493735C00566E74 /* ButtonTableViewCell+Style.swift */ = {isa = PBXFileReference; fileEncoding = 4; lastKnownFileType = sourcecode.swift; path = "ButtonTableViewCell+Style.swift"; sourceTree = "<group>"; };
		6999EA7F2493735C00566E74 /* IconTableViewCell+Style.swift */ = {isa = PBXFileReference; fileEncoding = 4; lastKnownFileType = sourcecode.swift; path = "IconTableViewCell+Style.swift"; sourceTree = "<group>"; };
		6999EA802493735C00566E74 /* TitleTableViewCell+Styles.swift */ = {isa = PBXFileReference; fileEncoding = 4; lastKnownFileType = sourcecode.swift; path = "TitleTableViewCell+Styles.swift"; sourceTree = "<group>"; };
		6999EA862493737E00566E74 /* String+Random.swift */ = {isa = PBXFileReference; fileEncoding = 4; lastKnownFileType = sourcecode.swift; path = "String+Random.swift"; sourceTree = "<group>"; };
		6999EA872493737E00566E74 /* UIFont+Extensions.swift */ = {isa = PBXFileReference; fileEncoding = 4; lastKnownFileType = sourcecode.swift; path = "UIFont+Extensions.swift"; sourceTree = "<group>"; };
		6999EA882493737E00566E74 /* UIColor+Extensions.swift */ = {isa = PBXFileReference; fileEncoding = 4; lastKnownFileType = sourcecode.swift; path = "UIColor+Extensions.swift"; sourceTree = "<group>"; };
		6999EA892493737E00566E74 /* AnimationConfig+Extension.swift */ = {isa = PBXFileReference; fileEncoding = 4; lastKnownFileType = sourcecode.swift; path = "AnimationConfig+Extension.swift"; sourceTree = "<group>"; };
		6999EA8E2493740E00566E74 /* ProfileViewController.swift */ = {isa = PBXFileReference; fileEncoding = 4; lastKnownFileType = sourcecode.swift; path = ProfileViewController.swift; sourceTree = "<group>"; };
		6999EA912493743600566E74 /* User.swift */ = {isa = PBXFileReference; fileEncoding = 4; lastKnownFileType = sourcecode.swift; path = User.swift; sourceTree = "<group>"; };
		69B1B9DF24B85B7100DD7454 /* ListContentItemsViewController.swift */ = {isa = PBXFileReference; lastKnownFileType = sourcecode.swift; path = ListContentItemsViewController.swift; sourceTree = "<group>"; };
		69C10B782493D54C00786E2C /* IconTableViewCell.swift */ = {isa = PBXFileReference; fileEncoding = 4; lastKnownFileType = sourcecode.swift; path = IconTableViewCell.swift; sourceTree = "<group>"; };
		69C10B792493D54C00786E2C /* IconTableViewCell.xib */ = {isa = PBXFileReference; fileEncoding = 4; lastKnownFileType = file.xib; path = IconTableViewCell.xib; sourceTree = "<group>"; };
		69C10B7B2493D54C00786E2C /* ButtonTableViewCell.xib */ = {isa = PBXFileReference; fileEncoding = 4; lastKnownFileType = file.xib; path = ButtonTableViewCell.xib; sourceTree = "<group>"; };
		69C10B7C2493D54C00786E2C /* ButtonTableViewCell.swift */ = {isa = PBXFileReference; fileEncoding = 4; lastKnownFileType = sourcecode.swift; path = ButtonTableViewCell.swift; sourceTree = "<group>"; };
		71782FABCB5E72DFCC8F5BC5 /* Pods-ListKit_Example.release.xcconfig */ = {isa = PBXFileReference; includeInIndex = 1; lastKnownFileType = text.xcconfig; name = "Pods-ListKit_Example.release.xcconfig"; path = "Target Support Files/Pods-ListKit_Example/Pods-ListKit_Example.release.xcconfig"; sourceTree = "<group>"; };
		898198F0243CFA5700E455A4 /* TableViewAsPartViewController.swift */ = {isa = PBXFileReference; lastKnownFileType = sourcecode.swift; path = TableViewAsPartViewController.swift; sourceTree = "<group>"; };
		89D55C8E243A09AE00E30FAA /* GroupedExampleViewController.swift */ = {isa = PBXFileReference; fileEncoding = 4; lastKnownFileType = sourcecode.swift; path = GroupedExampleViewController.swift; sourceTree = "<group>"; };
		89D55C8F243A09AE00E30FAA /* CollectionExampleViewController.swift */ = {isa = PBXFileReference; fileEncoding = 4; lastKnownFileType = sourcecode.swift; path = CollectionExampleViewController.swift; sourceTree = "<group>"; };
		89D55C90243A09AF00E30FAA /* DemoExtensions.swift */ = {isa = PBXFileReference; fileEncoding = 4; lastKnownFileType = sourcecode.swift; path = DemoExtensions.swift; sourceTree = "<group>"; };
		89D55C92243A09AF00E30FAA /* ExamplesListViewController.swift */ = {isa = PBXFileReference; fileEncoding = 4; lastKnownFileType = sourcecode.swift; path = ExamplesListViewController.swift; sourceTree = "<group>"; };
		89D55C93243A09AF00E30FAA /* PlainExampleViewController.swift */ = {isa = PBXFileReference; fileEncoding = 4; lastKnownFileType = sourcecode.swift; path = PlainExampleViewController.swift; sourceTree = "<group>"; };
		89D55C9D243A0A0600E30FAA /* TitleAndImageDataModel.swift */ = {isa = PBXFileReference; fileEncoding = 4; lastKnownFileType = sourcecode.swift; path = TitleAndImageDataModel.swift; sourceTree = "<group>"; };
		89D55CA0243A0A0600E30FAA /* DividerHeader.swift */ = {isa = PBXFileReference; fileEncoding = 4; lastKnownFileType = sourcecode.swift; path = DividerHeader.swift; sourceTree = "<group>"; };
		89D55CA1243A0A0600E30FAA /* DividerHeader.xib */ = {isa = PBXFileReference; fileEncoding = 4; lastKnownFileType = file.xib; path = DividerHeader.xib; sourceTree = "<group>"; };
		89D55CA3243A0A0600E30FAA /* IconWithTitleCollectionViewCell.xib */ = {isa = PBXFileReference; fileEncoding = 4; lastKnownFileType = file.xib; path = IconWithTitleCollectionViewCell.xib; sourceTree = "<group>"; };
		89D55CA4243A0A0600E30FAA /* IconWithTitleCollectionViewCell.swift */ = {isa = PBXFileReference; fileEncoding = 4; lastKnownFileType = sourcecode.swift; path = IconWithTitleCollectionViewCell.swift; sourceTree = "<group>"; };
		89D55CA6243A0A0600E30FAA /* OneTitleTableViewCell.swift */ = {isa = PBXFileReference; fileEncoding = 4; lastKnownFileType = sourcecode.swift; path = OneTitleTableViewCell.swift; sourceTree = "<group>"; };
		89D55CA7243A0A0600E30FAA /* OneTitleTableViewCell.xib */ = {isa = PBXFileReference; fileEncoding = 4; lastKnownFileType = file.xib; path = OneTitleTableViewCell.xib; sourceTree = "<group>"; };
		89D55CA8243A0A0600E30FAA /* InCodeTableViewCell.swift */ = {isa = PBXFileReference; fileEncoding = 4; lastKnownFileType = sourcecode.swift; path = InCodeTableViewCell.swift; sourceTree = "<group>"; };
		89D55CAA243A0A0600E30FAA /* WithImageTableViewCell.swift */ = {isa = PBXFileReference; fileEncoding = 4; lastKnownFileType = sourcecode.swift; path = WithImageTableViewCell.swift; sourceTree = "<group>"; };
		89D55CAB243A0A0600E30FAA /* WithImageTableViewCell.xib */ = {isa = PBXFileReference; fileEncoding = 4; lastKnownFileType = file.xib; path = WithImageTableViewCell.xib; sourceTree = "<group>"; };
		89D55CB3243A0A0600E30FAA /* ImageCellDataModel.swift */ = {isa = PBXFileReference; fileEncoding = 4; lastKnownFileType = sourcecode.swift; path = ImageCellDataModel.swift; sourceTree = "<group>"; };
		89D55CC8243A0A8000E30FAA /* SegmentWithButtonView.xib */ = {isa = PBXFileReference; fileEncoding = 4; lastKnownFileType = file.xib; path = SegmentWithButtonView.xib; sourceTree = "<group>"; };
		89D55CC9243A0A8000E30FAA /* SegmentWithButtonView.swift */ = {isa = PBXFileReference; fileEncoding = 4; lastKnownFileType = sourcecode.swift; path = SegmentWithButtonView.swift; sourceTree = "<group>"; };
		89D55CCD243A0A8600E30FAA /* ListItemStyle+DividerHeader.swift */ = {isa = PBXFileReference; fileEncoding = 4; lastKnownFileType = sourcecode.swift; path = "ListItemStyle+DividerHeader.swift"; sourceTree = "<group>"; };
		89D55CCE243A0A8600E30FAA /* ListItemStyle+Cell.swift */ = {isa = PBXFileReference; fileEncoding = 4; lastKnownFileType = sourcecode.swift; path = "ListItemStyle+Cell.swift"; sourceTree = "<group>"; };
		89D55CCF243A0A8600E30FAA /* ViewStyle+Cell.swift */ = {isa = PBXFileReference; fileEncoding = 4; lastKnownFileType = sourcecode.swift; path = "ViewStyle+Cell.swift"; sourceTree = "<group>"; };
		89D55CD0243A0A8600E30FAA /* ViewStyle+ImageView.swift */ = {isa = PBXFileReference; fileEncoding = 4; lastKnownFileType = sourcecode.swift; path = "ViewStyle+ImageView.swift"; sourceTree = "<group>"; };
		89D55CD2243A0A8600E30FAA /* ViewStyle+Label.swift */ = {isa = PBXFileReference; fileEncoding = 4; lastKnownFileType = sourcecode.swift; path = "ViewStyle+Label.swift"; sourceTree = "<group>"; };
		8EE72CCB992B0B44F47B4E2D /* Pods-ListKit_Tests.debug.xcconfig */ = {isa = PBXFileReference; includeInIndex = 1; lastKnownFileType = text.xcconfig; name = "Pods-ListKit_Tests.debug.xcconfig"; path = "Target Support Files/Pods-ListKit_Tests/Pods-ListKit_Tests.debug.xcconfig"; sourceTree = "<group>"; };
		CD1B7C8308E022F4426F20D1 /* Pods_ListKit_Example.framework */ = {isa = PBXFileReference; explicitFileType = wrapper.framework; includeInIndex = 0; path = Pods_ListKit_Example.framework; sourceTree = BUILT_PRODUCTS_DIR; };
		D25C9C7D24604592007705BD /* ControllerWithProtocolOnly.swift */ = {isa = PBXFileReference; lastKnownFileType = sourcecode.swift; path = ControllerWithProtocolOnly.swift; sourceTree = "<group>"; };
		E72E7BDD830752514102E249 /* Pods-ListKit_Tests.release.xcconfig */ = {isa = PBXFileReference; includeInIndex = 1; lastKnownFileType = text.xcconfig; name = "Pods-ListKit_Tests.release.xcconfig"; path = "Target Support Files/Pods-ListKit_Tests/Pods-ListKit_Tests.release.xcconfig"; sourceTree = "<group>"; };
		E95172B16EC39923BC4BF9BE /* SwiftyListKit.podspec */ = {isa = PBXFileReference; includeInIndex = 1; lastKnownFileType = text; name = SwiftyListKit.podspec; path = ../SwiftyListKit.podspec; sourceTree = "<group>"; xcLanguageSpecificationIdentifier = xcode.lang.ruby; };
		F4BD61D518A95B5315781941 /* README.md */ = {isa = PBXFileReference; includeInIndex = 1; lastKnownFileType = net.daringfireball.markdown; name = README.md; path = ../README.md; sourceTree = "<group>"; };
/* End PBXFileReference section */

/* Begin PBXFrameworksBuildPhase section */
		607FACCD1AFB9204008FA782 /* Frameworks */ = {
			isa = PBXFrameworksBuildPhase;
			buildActionMask = 2147483647;
			files = (
				2E90902B3F0F2546C210CA45 /* Pods_ListKit_Example.framework in Frameworks */,
			);
			runOnlyForDeploymentPostprocessing = 0;
		};
/* End PBXFrameworksBuildPhase section */

/* Begin PBXGroup section */
		4C6D553011F1E5A309CF04D9 /* Pods */ = {
			isa = PBXGroup;
			children = (
				490962D3ABD3CC9C9CF781AE /* Pods-ListKit_Example.debug.xcconfig */,
				71782FABCB5E72DFCC8F5BC5 /* Pods-ListKit_Example.release.xcconfig */,
				8EE72CCB992B0B44F47B4E2D /* Pods-ListKit_Tests.debug.xcconfig */,
				E72E7BDD830752514102E249 /* Pods-ListKit_Tests.release.xcconfig */,
			);
			path = Pods;
			sourceTree = "<group>";
		};
		607FACC71AFB9204008FA782 = {
			isa = PBXGroup;
			children = (
				607FACF51AFB993E008FA782 /* Podspec Metadata */,
				607FACD21AFB9204008FA782 /* Example for ListKit */,
				607FACD11AFB9204008FA782 /* Products */,
				4C6D553011F1E5A309CF04D9 /* Pods */,
				AD5BC85C9E5674F67BC0493E /* Frameworks */,
			);
			sourceTree = "<group>";
		};
		607FACD11AFB9204008FA782 /* Products */ = {
			isa = PBXGroup;
			children = (
				607FACD01AFB9204008FA782 /* ListKit_Example.app */,
			);
			name = Products;
			sourceTree = "<group>";
		};
		607FACD21AFB9204008FA782 /* Example for ListKit */ = {
			isa = PBXGroup;
			children = (
				607FACD51AFB9204008FA782 /* AppDelegate.swift */,
				6999EA902493743600566E74 /* Models */,
				6999EA6F2493729F00566E74 /* Mappers */,
				89CCA6F3243A15B200F4B08B /* DataModels */,
				89D55C9A243A0A0600E30FAA /* Cells */,
				89D55CC5243A0A0E00E30FAA /* ViewControllers */,
				89D55CD9243A0C4B00E30FAA /* Views */,
				89D55CCC243A0A8600E30FAA /* Styles */,
				6999EA842493737E00566E74 /* Utils */,
				607FACD91AFB9204008FA782 /* Main.storyboard */,
				607FACDC1AFB9204008FA782 /* Images.xcassets */,
				607FACDE1AFB9204008FA782 /* LaunchScreen.xib */,
				607FACD31AFB9204008FA782 /* Supporting Files */,
			);
			name = "Example for ListKit";
			path = ListKit;
			sourceTree = "<group>";
		};
		607FACD31AFB9204008FA782 /* Supporting Files */ = {
			isa = PBXGroup;
			children = (
				607FACD41AFB9204008FA782 /* Info.plist */,
			);
			name = "Supporting Files";
			sourceTree = "<group>";
		};
		607FACF51AFB993E008FA782 /* Podspec Metadata */ = {
			isa = PBXGroup;
			children = (
				E95172B16EC39923BC4BF9BE /* SwiftyListKit.podspec */,
				F4BD61D518A95B5315781941 /* README.md */,
				61D5404FA1429F98A245C235 /* LICENSE */,
			);
			name = "Podspec Metadata";
			sourceTree = "<group>";
		};
		6999EA6F2493729F00566E74 /* Mappers */ = {
			isa = PBXGroup;
			children = (
				6999EA702493729F00566E74 /* TableItemMappers.swift */,
				6999EA712493729F00566E74 /* Mapper.swift */,
			);
			path = Mappers;
			sourceTree = "<group>";
		};
		6999EA742493735700566E74 /* Views */ = {
			isa = PBXGroup;
			children = (
				89D55CCF243A0A8600E30FAA /* ViewStyle+Cell.swift */,
				89D55CD0243A0A8600E30FAA /* ViewStyle+ImageView.swift */,
				89D55CD2243A0A8600E30FAA /* ViewStyle+Label.swift */,
				6999EA752493735700566E74 /* UILabel+Styles.swift */,
				6999EA762493735700566E74 /* UIView+Styles.swift */,
				6999EA772493735700566E74 /* UIImageView+Styles.swift */,
				6999EA782493735700566E74 /* UIButton+Styles.swift */,
			);
			path = Views;
			sourceTree = "<group>";
		};
		6999EA7D2493735C00566E74 /* ListItems */ = {
			isa = PBXGroup;
			children = (
				89D55CCD243A0A8600E30FAA /* ListItemStyle+DividerHeader.swift */,
				89D55CCE243A0A8600E30FAA /* ListItemStyle+Cell.swift */,
				6999EA7E2493735C00566E74 /* ButtonTableViewCell+Style.swift */,
				6999EA7F2493735C00566E74 /* IconTableViewCell+Style.swift */,
				6999EA802493735C00566E74 /* TitleTableViewCell+Styles.swift */,
			);
			path = ListItems;
			sourceTree = "<group>";
		};
		6999EA842493737E00566E74 /* Utils */ = {
			isa = PBXGroup;
			children = (
				6999EA852493737E00566E74 /* Extensions */,
			);
			path = Utils;
			sourceTree = "<group>";
		};
		6999EA852493737E00566E74 /* Extensions */ = {
			isa = PBXGroup;
			children = (
				89D55C90243A09AF00E30FAA /* DemoExtensions.swift */,
				6999EA862493737E00566E74 /* String+Random.swift */,
				6999EA872493737E00566E74 /* UIFont+Extensions.swift */,
				6999EA882493737E00566E74 /* UIColor+Extensions.swift */,
				6999EA892493737E00566E74 /* AnimationConfig+Extension.swift */,
			);
			path = Extensions;
			sourceTree = "<group>";
		};
		6999EA902493743600566E74 /* Models */ = {
			isa = PBXGroup;
			children = (
				6999EA912493743600566E74 /* User.swift */,
			);
			path = Models;
			sourceTree = "<group>";
		};
		69C10B772493D54C00786E2C /* IconTableViewCell */ = {
			isa = PBXGroup;
			children = (
				69C10B782493D54C00786E2C /* IconTableViewCell.swift */,
				69C10B792493D54C00786E2C /* IconTableViewCell.xib */,
			);
			path = IconTableViewCell;
			sourceTree = "<group>";
		};
		69C10B7A2493D54C00786E2C /* ButtonTableViewCell */ = {
			isa = PBXGroup;
			children = (
				69C10B7B2493D54C00786E2C /* ButtonTableViewCell.xib */,
				69C10B7C2493D54C00786E2C /* ButtonTableViewCell.swift */,
			);
			path = ButtonTableViewCell;
			sourceTree = "<group>";
		};
		89CCA6F3243A15B200F4B08B /* DataModels */ = {
			isa = PBXGroup;
			children = (
				89D55C9D243A0A0600E30FAA /* TitleAndImageDataModel.swift */,
				89D55CB3243A0A0600E30FAA /* ImageCellDataModel.swift */,
				6999EA622493709600566E74 /* LocalIconDataModel.swift */,
				6999EA612493709600566E74 /* TextDataModel.swift */,
			);
			path = DataModels;
			sourceTree = "<group>";
		};
		89D55C9A243A0A0600E30FAA /* Cells */ = {
			isa = PBXGroup;
			children = (
				69C10B7A2493D54C00786E2C /* ButtonTableViewCell */,
				69C10B772493D54C00786E2C /* IconTableViewCell */,
				89D55C9F243A0A0600E30FAA /* DividerHeader */,
				89D55CA2243A0A0600E30FAA /* IconWithTitleCollectionViewCell */,
				89D55CA5243A0A0600E30FAA /* OneTitleTableViewCell */,
				89D55CA9243A0A0600E30FAA /* WithImageTableViewCell */,
				89D55CA8243A0A0600E30FAA /* InCodeTableViewCell.swift */,
			);
			path = Cells;
			sourceTree = "<group>";
		};
		89D55C9F243A0A0600E30FAA /* DividerHeader */ = {
			isa = PBXGroup;
			children = (
				89D55CA0243A0A0600E30FAA /* DividerHeader.swift */,
				89D55CA1243A0A0600E30FAA /* DividerHeader.xib */,
			);
			path = DividerHeader;
			sourceTree = "<group>";
		};
		89D55CA2243A0A0600E30FAA /* IconWithTitleCollectionViewCell */ = {
			isa = PBXGroup;
			children = (
				89D55CA3243A0A0600E30FAA /* IconWithTitleCollectionViewCell.xib */,
				89D55CA4243A0A0600E30FAA /* IconWithTitleCollectionViewCell.swift */,
			);
			path = IconWithTitleCollectionViewCell;
			sourceTree = "<group>";
		};
		89D55CA5243A0A0600E30FAA /* OneTitleTableViewCell */ = {
			isa = PBXGroup;
			children = (
				89D55CA6243A0A0600E30FAA /* OneTitleTableViewCell.swift */,
				89D55CA7243A0A0600E30FAA /* OneTitleTableViewCell.xib */,
			);
			path = OneTitleTableViewCell;
			sourceTree = "<group>";
		};
		89D55CA9243A0A0600E30FAA /* WithImageTableViewCell */ = {
			isa = PBXGroup;
			children = (
				89D55CAA243A0A0600E30FAA /* WithImageTableViewCell.swift */,
				89D55CAB243A0A0600E30FAA /* WithImageTableViewCell.xib */,
			);
			path = WithImageTableViewCell;
			sourceTree = "<group>";
		};
		89D55CC5243A0A0E00E30FAA /* ViewControllers */ = {
			isa = PBXGroup;
			children = (
				89D55C92243A09AF00E30FAA /* ExamplesListViewController.swift */,
				89D55C8E243A09AE00E30FAA /* GroupedExampleViewController.swift */,
				89D55C93243A09AF00E30FAA /* PlainExampleViewController.swift */,
				898198F0243CFA5700E455A4 /* TableViewAsPartViewController.swift */,
				89D55C8F243A09AE00E30FAA /* CollectionExampleViewController.swift */,
				D25C9C7D24604592007705BD /* ControllerWithProtocolOnly.swift */,
				6999EA8E2493740E00566E74 /* ProfileViewController.swift */,
				69B1B9DF24B85B7100DD7454 /* ListContentItemsViewController.swift */,
			);
			path = ViewControllers;
			sourceTree = "<group>";
		};
		89D55CC7243A0A8000E30FAA /* SegmentWithButtonView */ = {
			isa = PBXGroup;
			children = (
				89D55CC8243A0A8000E30FAA /* SegmentWithButtonView.xib */,
				89D55CC9243A0A8000E30FAA /* SegmentWithButtonView.swift */,
			);
			path = SegmentWithButtonView;
			sourceTree = "<group>";
		};
		89D55CCC243A0A8600E30FAA /* Styles */ = {
			isa = PBXGroup;
			children = (
				6999EA742493735700566E74 /* Views */,
				6999EA7D2493735C00566E74 /* ListItems */,
			);
			path = Styles;
			sourceTree = "<group>";
		};
		89D55CD9243A0C4B00E30FAA /* Views */ = {
			isa = PBXGroup;
			children = (
				89D55CC7243A0A8000E30FAA /* SegmentWithButtonView */,
			);
			path = Views;
			sourceTree = "<group>";
		};
		AD5BC85C9E5674F67BC0493E /* Frameworks */ = {
			isa = PBXGroup;
			children = (
				CD1B7C8308E022F4426F20D1 /* Pods_ListKit_Example.framework */,
				5120C7E9D8F8F7B98A311877 /* Pods_ListKit_Tests.framework */,
			);
			name = Frameworks;
			sourceTree = "<group>";
		};
/* End PBXGroup section */

/* Begin PBXNativeTarget section */
		607FACCF1AFB9204008FA782 /* ListKit_Example */ = {
			isa = PBXNativeTarget;
			buildConfigurationList = 607FACEF1AFB9204008FA782 /* Build configuration list for PBXNativeTarget "ListKit_Example" */;
			buildPhases = (
				2189FD382A807D7E8A699167 /* [CP] Check Pods Manifest.lock */,
				607FACCC1AFB9204008FA782 /* Sources */,
				607FACCD1AFB9204008FA782 /* Frameworks */,
				607FACCE1AFB9204008FA782 /* Resources */,
				414B6B89D042033A31780C21 /* [CP] Embed Pods Frameworks */,
			);
			buildRules = (
			);
			dependencies = (
			);
			name = ListKit_Example;
			productName = ListKit;
			productReference = 607FACD01AFB9204008FA782 /* ListKit_Example.app */;
			productType = "com.apple.product-type.application";
		};
/* End PBXNativeTarget section */

/* Begin PBXProject section */
		607FACC81AFB9204008FA782 /* Project object */ = {
			isa = PBXProject;
			attributes = {
				LastSwiftUpdateCheck = 0830;
				LastUpgradeCheck = 0830;
				ORGANIZATIONNAME = CocoaPods;
				TargetAttributes = {
					607FACCF1AFB9204008FA782 = {
						CreatedOnToolsVersion = 6.3.1;
						LastSwiftMigration = 0900;
					};
				};
			};
			buildConfigurationList = 607FACCB1AFB9204008FA782 /* Build configuration list for PBXProject "ListKit" */;
			compatibilityVersion = "Xcode 3.2";
			developmentRegion = en;
			hasScannedForEncodings = 0;
			knownRegions = (
				en,
				Base,
			);
			mainGroup = 607FACC71AFB9204008FA782;
			productRefGroup = 607FACD11AFB9204008FA782 /* Products */;
			projectDirPath = "";
			projectRoot = "";
			targets = (
				607FACCF1AFB9204008FA782 /* ListKit_Example */,
			);
		};
/* End PBXProject section */

/* Begin PBXResourcesBuildPhase section */
		607FACCE1AFB9204008FA782 /* Resources */ = {
			isa = PBXResourcesBuildPhase;
			buildActionMask = 2147483647;
			files = (
				89D55CCA243A0A8000E30FAA /* SegmentWithButtonView.xib in Resources */,
				69C10B7E2493D54C00786E2C /* IconTableViewCell.xib in Resources */,
				89D55CBF243A0A0600E30FAA /* WithImageTableViewCell.xib in Resources */,
				607FACDB1AFB9204008FA782 /* Main.storyboard in Resources */,
				607FACE01AFB9204008FA782 /* LaunchScreen.xib in Resources */,
				89D55CB8243A0A0600E30FAA /* DividerHeader.xib in Resources */,
				69C10B7F2493D54C00786E2C /* ButtonTableViewCell.xib in Resources */,
				89D55CB9243A0A0600E30FAA /* IconWithTitleCollectionViewCell.xib in Resources */,
				607FACDD1AFB9204008FA782 /* Images.xcassets in Resources */,
				89D55CBC243A0A0600E30FAA /* OneTitleTableViewCell.xib in Resources */,
			);
			runOnlyForDeploymentPostprocessing = 0;
		};
/* End PBXResourcesBuildPhase section */

/* Begin PBXShellScriptBuildPhase section */
		2189FD382A807D7E8A699167 /* [CP] Check Pods Manifest.lock */ = {
			isa = PBXShellScriptBuildPhase;
			buildActionMask = 2147483647;
			files = (
			);
			inputFileListPaths = (
			);
			inputPaths = (
				"${PODS_PODFILE_DIR_PATH}/Podfile.lock",
				"${PODS_ROOT}/Manifest.lock",
			);
			name = "[CP] Check Pods Manifest.lock";
			outputFileListPaths = (
			);
			outputPaths = (
				"$(DERIVED_FILE_DIR)/Pods-ListKit_Example-checkManifestLockResult.txt",
			);
			runOnlyForDeploymentPostprocessing = 0;
			shellPath = /bin/sh;
			shellScript = "diff \"${PODS_PODFILE_DIR_PATH}/Podfile.lock\" \"${PODS_ROOT}/Manifest.lock\" > /dev/null\nif [ $? != 0 ] ; then\n    # print error to STDERR\n    echo \"error: The sandbox is not in sync with the Podfile.lock. Run 'pod install' or update your CocoaPods installation.\" >&2\n    exit 1\nfi\n# This output is used by Xcode 'outputs' to avoid re-running this script phase.\necho \"SUCCESS\" > \"${SCRIPT_OUTPUT_FILE_0}\"\n";
			showEnvVarsInLog = 0;
		};
		414B6B89D042033A31780C21 /* [CP] Embed Pods Frameworks */ = {
			isa = PBXShellScriptBuildPhase;
			buildActionMask = 2147483647;
			files = (
			);
			inputPaths = (
				"${PODS_ROOT}/Target Support Files/Pods-ListKit_Example/Pods-ListKit_Example-frameworks.sh",
				"${BUILT_PRODUCTS_DIR}/DifferenceKit/DifferenceKit.framework",
				"${BUILT_PRODUCTS_DIR}/SwiftyListKit/SwiftyListKit.framework",
			);
			name = "[CP] Embed Pods Frameworks";
			outputPaths = (
				"${TARGET_BUILD_DIR}/${FRAMEWORKS_FOLDER_PATH}/DifferenceKit.framework",
				"${TARGET_BUILD_DIR}/${FRAMEWORKS_FOLDER_PATH}/SwiftyListKit.framework",
			);
			runOnlyForDeploymentPostprocessing = 0;
			shellPath = /bin/sh;
			shellScript = "\"${PODS_ROOT}/Target Support Files/Pods-ListKit_Example/Pods-ListKit_Example-frameworks.sh\"\n";
			showEnvVarsInLog = 0;
		};
/* End PBXShellScriptBuildPhase section */

/* Begin PBXSourcesBuildPhase section */
		607FACCC1AFB9204008FA782 /* Sources */ = {
			isa = PBXSourcesBuildPhase;
			buildActionMask = 2147483647;
			files = (
				D25C9C7E24604592007705BD /* ControllerWithProtocolOnly.swift in Sources */,
				89D55CCB243A0A8000E30FAA /* SegmentWithButtonView.swift in Sources */,
				89D55CBA243A0A0600E30FAA /* IconWithTitleCollectionViewCell.swift in Sources */,
				89D55C96243A09AF00E30FAA /* DemoExtensions.swift in Sources */,
				89D55C94243A09AF00E30FAA /* GroupedExampleViewController.swift in Sources */,
				89D55CD8243A0A8700E30FAA /* ViewStyle+Label.swift in Sources */,
				898198F1243CFA5700E455A4 /* TableViewAsPartViewController.swift in Sources */,
				6999EA642493709600566E74 /* LocalIconDataModel.swift in Sources */,
				6999EA8A2493737E00566E74 /* String+Random.swift in Sources */,
				89D55CD3243A0A8700E30FAA /* ListItemStyle+DividerHeader.swift in Sources */,
				89D55CC4243A0A0600E30FAA /* ImageCellDataModel.swift in Sources */,
				6999EA812493735C00566E74 /* ButtonTableViewCell+Style.swift in Sources */,
				89D55CB5243A0A0600E30FAA /* TitleAndImageDataModel.swift in Sources */,
				89D55CD4243A0A8700E30FAA /* ListItemStyle+Cell.swift in Sources */,
				89D55C98243A09AF00E30FAA /* ExamplesListViewController.swift in Sources */,
				6999EA8B2493737E00566E74 /* UIFont+Extensions.swift in Sources */,
				89D55C99243A09AF00E30FAA /* PlainExampleViewController.swift in Sources */,
				6999EA792493735700566E74 /* UILabel+Styles.swift in Sources */,
				6999EA732493729F00566E74 /* Mapper.swift in Sources */,
				89D55CD6243A0A8700E30FAA /* ViewStyle+ImageView.swift in Sources */,
				89D55CB7243A0A0600E30FAA /* DividerHeader.swift in Sources */,
				69B1B9E024B85B7100DD7454 /* ListContentItemsViewController.swift in Sources */,
				89D55CBD243A0A0600E30FAA /* InCodeTableViewCell.swift in Sources */,
				6999EA7A2493735700566E74 /* UIView+Styles.swift in Sources */,
				89D55CBB243A0A0600E30FAA /* OneTitleTableViewCell.swift in Sources */,
				6999EA8F2493740E00566E74 /* ProfileViewController.swift in Sources */,
				89D55CD5243A0A8700E30FAA /* ViewStyle+Cell.swift in Sources */,
				6999EA922493743600566E74 /* User.swift in Sources */,
				6999EA7C2493735700566E74 /* UIButton+Styles.swift in Sources */,
				6999EA8C2493737E00566E74 /* UIColor+Extensions.swift in Sources */,
				89D55CBE243A0A0600E30FAA /* WithImageTableViewCell.swift in Sources */,
				6999EA832493735C00566E74 /* TitleTableViewCell+Styles.swift in Sources */,
				69C10B802493D54C00786E2C /* ButtonTableViewCell.swift in Sources */,
				607FACD61AFB9204008FA782 /* AppDelegate.swift in Sources */,
				6999EA632493709600566E74 /* TextDataModel.swift in Sources */,
				6999EA822493735C00566E74 /* IconTableViewCell+Style.swift in Sources */,
				6999EA7B2493735700566E74 /* UIImageView+Styles.swift in Sources */,
				89D55C95243A09AF00E30FAA /* CollectionExampleViewController.swift in Sources */,
				6999EA722493729F00566E74 /* TableItemMappers.swift in Sources */,
				6999EA8D2493737E00566E74 /* AnimationConfig+Extension.swift in Sources */,
				69C10B7D2493D54C00786E2C /* IconTableViewCell.swift in Sources */,
			);
			runOnlyForDeploymentPostprocessing = 0;
		};
/* End PBXSourcesBuildPhase section */

/* Begin PBXVariantGroup section */
		607FACD91AFB9204008FA782 /* Main.storyboard */ = {
			isa = PBXVariantGroup;
			children = (
				607FACDA1AFB9204008FA782 /* Base */,
			);
			name = Main.storyboard;
			sourceTree = "<group>";
		};
		607FACDE1AFB9204008FA782 /* LaunchScreen.xib */ = {
			isa = PBXVariantGroup;
			children = (
				607FACDF1AFB9204008FA782 /* Base */,
			);
			name = LaunchScreen.xib;
			sourceTree = "<group>";
		};
/* End PBXVariantGroup section */

/* Begin XCBuildConfiguration section */
		607FACED1AFB9204008FA782 /* Debug */ = {
			isa = XCBuildConfiguration;
			buildSettings = {
				ALWAYS_SEARCH_USER_PATHS = NO;
				CLANG_CXX_LANGUAGE_STANDARD = "gnu++0x";
				CLANG_CXX_LIBRARY = "libc++";
				CLANG_ENABLE_MODULES = YES;
				CLANG_ENABLE_OBJC_ARC = YES;
				CLANG_WARN_BLOCK_CAPTURE_AUTORELEASING = YES;
				CLANG_WARN_BOOL_CONVERSION = YES;
				CLANG_WARN_COMMA = YES;
				CLANG_WARN_CONSTANT_CONVERSION = YES;
				CLANG_WARN_DIRECT_OBJC_ISA_USAGE = YES_ERROR;
				CLANG_WARN_EMPTY_BODY = YES;
				CLANG_WARN_ENUM_CONVERSION = YES;
				CLANG_WARN_INFINITE_RECURSION = YES;
				CLANG_WARN_INT_CONVERSION = YES;
				CLANG_WARN_NON_LITERAL_NULL_CONVERSION = YES;
				CLANG_WARN_OBJC_LITERAL_CONVERSION = YES;
				CLANG_WARN_OBJC_ROOT_CLASS = YES_ERROR;
				CLANG_WARN_RANGE_LOOP_ANALYSIS = YES;
				CLANG_WARN_STRICT_PROTOTYPES = YES;
				CLANG_WARN_SUSPICIOUS_MOVE = YES;
				CLANG_WARN_UNREACHABLE_CODE = YES;
				CLANG_WARN__DUPLICATE_METHOD_MATCH = YES;
				"CODE_SIGN_IDENTITY[sdk=iphoneos*]" = "iPhone Developer";
				COPY_PHASE_STRIP = NO;
				DEBUG_INFORMATION_FORMAT = "dwarf-with-dsym";
				ENABLE_STRICT_OBJC_MSGSEND = YES;
				ENABLE_TESTABILITY = YES;
				GCC_C_LANGUAGE_STANDARD = gnu99;
				GCC_DYNAMIC_NO_PIC = NO;
				GCC_NO_COMMON_BLOCKS = YES;
				GCC_OPTIMIZATION_LEVEL = 0;
				GCC_PREPROCESSOR_DEFINITIONS = (
					"DEBUG=1",
					"$(inherited)",
				);
				GCC_SYMBOLS_PRIVATE_EXTERN = NO;
				GCC_WARN_64_TO_32_BIT_CONVERSION = YES;
				GCC_WARN_ABOUT_RETURN_TYPE = YES_ERROR;
				GCC_WARN_UNDECLARED_SELECTOR = YES;
				GCC_WARN_UNINITIALIZED_AUTOS = YES_AGGRESSIVE;
				GCC_WARN_UNUSED_FUNCTION = YES;
				GCC_WARN_UNUSED_VARIABLE = YES;
				IPHONEOS_DEPLOYMENT_TARGET = 10.0;
				MTL_ENABLE_DEBUG_INFO = YES;
				ONLY_ACTIVE_ARCH = YES;
				SDKROOT = iphoneos;
				SWIFT_OPTIMIZATION_LEVEL = "-Onone";
			};
			name = Debug;
		};
		607FACEE1AFB9204008FA782 /* Release */ = {
			isa = XCBuildConfiguration;
			buildSettings = {
				ALWAYS_SEARCH_USER_PATHS = NO;
				CLANG_CXX_LANGUAGE_STANDARD = "gnu++0x";
				CLANG_CXX_LIBRARY = "libc++";
				CLANG_ENABLE_MODULES = YES;
				CLANG_ENABLE_OBJC_ARC = YES;
				CLANG_WARN_BLOCK_CAPTURE_AUTORELEASING = YES;
				CLANG_WARN_BOOL_CONVERSION = YES;
				CLANG_WARN_COMMA = YES;
				CLANG_WARN_CONSTANT_CONVERSION = YES;
				CLANG_WARN_DIRECT_OBJC_ISA_USAGE = YES_ERROR;
				CLANG_WARN_EMPTY_BODY = YES;
				CLANG_WARN_ENUM_CONVERSION = YES;
				CLANG_WARN_INFINITE_RECURSION = YES;
				CLANG_WARN_INT_CONVERSION = YES;
				CLANG_WARN_NON_LITERAL_NULL_CONVERSION = YES;
				CLANG_WARN_OBJC_LITERAL_CONVERSION = YES;
				CLANG_WARN_OBJC_ROOT_CLASS = YES_ERROR;
				CLANG_WARN_RANGE_LOOP_ANALYSIS = YES;
				CLANG_WARN_STRICT_PROTOTYPES = YES;
				CLANG_WARN_SUSPICIOUS_MOVE = YES;
				CLANG_WARN_UNREACHABLE_CODE = YES;
				CLANG_WARN__DUPLICATE_METHOD_MATCH = YES;
				"CODE_SIGN_IDENTITY[sdk=iphoneos*]" = "iPhone Developer";
				COPY_PHASE_STRIP = NO;
				DEBUG_INFORMATION_FORMAT = "dwarf-with-dsym";
				ENABLE_NS_ASSERTIONS = NO;
				ENABLE_STRICT_OBJC_MSGSEND = YES;
				GCC_C_LANGUAGE_STANDARD = gnu99;
				GCC_NO_COMMON_BLOCKS = YES;
				GCC_WARN_64_TO_32_BIT_CONVERSION = YES;
				GCC_WARN_ABOUT_RETURN_TYPE = YES_ERROR;
				GCC_WARN_UNDECLARED_SELECTOR = YES;
				GCC_WARN_UNINITIALIZED_AUTOS = YES_AGGRESSIVE;
				GCC_WARN_UNUSED_FUNCTION = YES;
				GCC_WARN_UNUSED_VARIABLE = YES;
				IPHONEOS_DEPLOYMENT_TARGET = 10.0;
				MTL_ENABLE_DEBUG_INFO = NO;
				SDKROOT = iphoneos;
				SWIFT_OPTIMIZATION_LEVEL = "-Owholemodule";
				VALIDATE_PRODUCT = YES;
			};
			name = Release;
		};
		607FACF01AFB9204008FA782 /* Debug */ = {
			isa = XCBuildConfiguration;
			baseConfigurationReference = 490962D3ABD3CC9C9CF781AE /* Pods-ListKit_Example.debug.xcconfig */;
			buildSettings = {
				ASSETCATALOG_COMPILER_APPICON_NAME = AppIcon;
				INFOPLIST_FILE = ListKit/Info.plist;
				IPHONEOS_DEPLOYMENT_TARGET = 10.0;
				LD_RUNPATH_SEARCH_PATHS = "$(inherited) @executable_path/Frameworks";
				MODULE_NAME = ExampleApp;
				PRODUCT_BUNDLE_IDENTIFIER = "org.cocoapods.demo.$(PRODUCT_NAME:rfc1034identifier)";
				PRODUCT_NAME = "$(TARGET_NAME)";
				SWIFT_SWIFT3_OBJC_INFERENCE = Default;
				SWIFT_VERSION = 5.0;
			};
			name = Debug;
		};
		607FACF11AFB9204008FA782 /* Release */ = {
			isa = XCBuildConfiguration;
			baseConfigurationReference = 71782FABCB5E72DFCC8F5BC5 /* Pods-ListKit_Example.release.xcconfig */;
			buildSettings = {
				ASSETCATALOG_COMPILER_APPICON_NAME = AppIcon;
				INFOPLIST_FILE = ListKit/Info.plist;
				IPHONEOS_DEPLOYMENT_TARGET = 10.0;
				LD_RUNPATH_SEARCH_PATHS = "$(inherited) @executable_path/Frameworks";
				MODULE_NAME = ExampleApp;
				PRODUCT_BUNDLE_IDENTIFIER = "org.cocoapods.demo.$(PRODUCT_NAME:rfc1034identifier)";
				PRODUCT_NAME = "$(TARGET_NAME)";
				SWIFT_SWIFT3_OBJC_INFERENCE = Default;
				SWIFT_VERSION = 5.0;
			};
			name = Release;
		};
/* End XCBuildConfiguration section */

/* Begin XCConfigurationList section */
		607FACCB1AFB9204008FA782 /* Build configuration list for PBXProject "ListKit" */ = {
			isa = XCConfigurationList;
			buildConfigurations = (
				607FACED1AFB9204008FA782 /* Debug */,
				607FACEE1AFB9204008FA782 /* Release */,
			);
			defaultConfigurationIsVisible = 0;
			defaultConfigurationName = Release;
		};
		607FACEF1AFB9204008FA782 /* Build configuration list for PBXNativeTarget "ListKit_Example" */ = {
			isa = XCConfigurationList;
			buildConfigurations = (
				607FACF01AFB9204008FA782 /* Debug */,
				607FACF11AFB9204008FA782 /* Release */,
			);
			defaultConfigurationIsVisible = 0;
			defaultConfigurationName = Release;
		};
/* End XCConfigurationList section */
	};
	rootObject = 607FACC81AFB9204008FA782 /* Project object */;
}
